
Microsoft Visual Studio Solution File, Format Version 12.00
# Visual Studio Version 17
VisualStudioVersion = 17.5.002.0
MinimumVisualStudioVersion = 10.0.40219.1
Project("{9A19103F-16F7-4668-BE54-9A1E7A4F7556}") = "sampel2", "sampel2.csproj", "{3EBF736A-2B4F-4235-AC26-5252B0AD7E23}"
EndProject
Global
	GlobalSection(SolutionConfigurationPlatforms) = preSolution
		Debug|Any CPU = Debug|Any CPU
		Release|Any CPU = Release|Any CPU
	EndGlobalSection
	GlobalSection(ProjectConfigurationPlatforms) = postSolution
		{3EBF736A-2B4F-4235-AC26-5252B0AD7E23}.Debug|Any CPU.ActiveCfg = Debug|Any CPU
		{3EBF736A-2B4F-4235-AC26-5252B0AD7E23}.Debug|Any CPU.Build.0 = Debug|Any CPU
		{3EBF736A-2B4F-4235-AC26-5252B0AD7E23}.Release|Any CPU.ActiveCfg = Release|Any CPU
		{3EBF736A-2B4F-4235-AC26-5252B0AD7E23}.Release|Any CPU.Build.0 = Release|Any CPU
	EndGlobalSection
	GlobalSection(SolutionProperties) = preSolution
		HideSolutionNode = FALSE
	EndGlobalSection
	GlobalSection(ExtensibilityGlobals) = postSolution
		SolutionGuid = {B07593B1-7AEC-494E-AE02-17EE3D890291}
	EndGlobalSection
EndGlobal
